Microsoft Visual Studio Solution File, Format Version 12.00
# Visual Studio Version 17
VisualStudioVersion = 17.5.2.0
MinimumVisualStudioVersion = 10.0.40219.1
Project("{FAE04EC0-301F-11D3-BF4B-00C04F79EFBC}") = "BooksStore", "BooksStore.csproj", "{70D77154-5E51-0D05-3187-63D6EF0EFE30}"
EndProject
Global
	GlobalSection(SolutionConfigurationPlatforms) = preSolution
		Debug|Any CPU = Debug|Any CPU
		Release|Any CPU = Release|Any CPU
	EndGlobalSection
	GlobalSection(ProjectConfigurationPlatforms) = postSolution
		{70D77154-5E51-0D05-3187-63D6EF0EFE30}.Debug|Any CPU.ActiveCfg = Debug|Any CPU
		{70D77154-5E51-0D05-3187-63D6EF0EFE30}.Debug|Any CPU.Build.0 = Debug|Any CPU
		{70D77154-5E51-0D05-3187-63D6EF0EFE30}.Release|Any CPU.ActiveCfg = Release|Any CPU
		{70D77154-5E51-0D05-3187-63D6EF0EFE30}.Release|Any CPU.Build.0 = Release|Any CPU
	EndGlobalSection
	GlobalSection(SolutionProperties) = preSolution
		HideSolutionNode = FALSE
	EndGlobalSection
	GlobalSection(ExtensibilityGlobals) = postSolution
		SolutionGuid = {10B322D9-E66E-4B3A-B41E-3801A93B5821}
	EndGlobalSection
EndGlobal
